
Microsoft Visual Studio Solution File, Format Version 12.00
# Visual Studio Version 16
VisualStudioVersion = 16.0.31321.278
MinimumVisualStudioVersion = 10.0.40219.1
Project("{FAE04EC0-301F-11D3-BF4B-00C04F79EFBC}") = "UsingParams", "UsingParams.csproj", "{806CFD6C-0269-48A4-9DC7-706069B83290}"
EndProject
Global
	GlobalSection(SolutionConfigurationPlatforms) = preSolution
		Debug|Any CPU = Debug|Any CPU
		Release|Any CPU = Release|Any CPU
	EndGlobalSection
	GlobalSection(ProjectConfigurationPlatforms) = postSolution
		{806CFD6C-0269-48A4-9DC7-706069B83290}.Debug|Any CPU.ActiveCfg = Debug|Any CPU
		{806CFD6C-0269-48A4-9DC7-706069B83290}.Debug|Any CPU.Build.0 = Debug|Any CPU
		{806CFD6C-0269-48A4-9DC7-706069B83290}.Release|Any CPU.ActiveCfg = Release|Any CPU
		{806CFD6C-0269-48A4-9DC7-706069B83290}.Release|Any CPU.Build.0 = Release|Any CPU
	EndGlobalSection
	GlobalSection(SolutionProperties) = preSolution
		HideSolutionNode = FALSE
	EndGlobalSection
	GlobalSection(ExtensibilityGlobals) = postSolution
		SolutionGuid = {1C678AA3-825E-497E-B05C-9380B2A8A994}
	EndGlobalSection
EndGlobal
