
Microsoft Visual Studio Solution File, Format Version 12.00
# Visual Studio Version 16
VisualStudioVersion = 16.0.31402.337
MinimumVisualStudioVersion = 10.0.40219.1
Project("{FAE04EC0-301F-11D3-BF4B-00C04F79EFBC}") = "FormAndControl", "FormAndControl.csproj", "{07EEF869-1688-4DFA-9BC1-2E2C1B45BDEC}"
EndProject
Global
	GlobalSection(SolutionConfigurationPlatforms) = preSolution
		Debug|Any CPU = Debug|Any CPU
		Release|Any CPU = Release|Any CPU
	EndGlobalSection
	GlobalSection(ProjectConfigurationPlatforms) = postSolution
		{07EEF869-1688-4DFA-9BC1-2E2C1B45BDEC}.Debug|Any CPU.ActiveCfg = Debug|Any CPU
		{07EEF869-1688-4DFA-9BC1-2E2C1B45BDEC}.Debug|Any CPU.Build.0 = Debug|Any CPU
		{07EEF869-1688-4DFA-9BC1-2E2C1B45BDEC}.Release|Any CPU.ActiveCfg = Release|Any CPU
		{07EEF869-1688-4DFA-9BC1-2E2C1B45BDEC}.Release|Any CPU.Build.0 = Release|Any CPU
	EndGlobalSection
	GlobalSection(SolutionProperties) = preSolution
		HideSolutionNode = FALSE
	EndGlobalSection
	GlobalSection(ExtensibilityGlobals) = postSolution
		SolutionGuid = {FF41E12A-7E36-450A-AD12-A56D5627B856}
	EndGlobalSection
EndGlobal
