
Microsoft Visual Studio Solution File, Format Version 12.00
# Visual Studio Version 16
VisualStudioVersion = 16.0.31321.278
MinimumVisualStudioVersion = 10.0.40219.1
Project("{FAE04EC0-301F-11D3-BF4B-00C04F79EFBC}") = "ReadonlyFields", "ReadonlyFields.csproj", "{FF348733-9CCF-4683-B9F4-23BF6D1FC590}"
EndProject
Global
	GlobalSection(SolutionConfigurationPlatforms) = preSolution
		Debug|Any CPU = Debug|Any CPU
		Release|Any CPU = Release|Any CPU
	EndGlobalSection
	GlobalSection(ProjectConfigurationPlatforms) = postSolution
		{FF348733-9CCF-4683-B9F4-23BF6D1FC590}.Debug|Any CPU.ActiveCfg = Debug|Any CPU
		{FF348733-9CCF-4683-B9F4-23BF6D1FC590}.Debug|Any CPU.Build.0 = Debug|Any CPU
		{FF348733-9CCF-4683-B9F4-23BF6D1FC590}.Release|Any CPU.ActiveCfg = Release|Any CPU
		{FF348733-9CCF-4683-B9F4-23BF6D1FC590}.Release|Any CPU.Build.0 = Release|Any CPU
	EndGlobalSection
	GlobalSection(SolutionProperties) = preSolution
		HideSolutionNode = FALSE
	EndGlobalSection
	GlobalSection(ExtensibilityGlobals) = postSolution
		SolutionGuid = {49CDBECB-0545-4A5D-892B-E8D4A83EE753}
	EndGlobalSection
EndGlobal
