
Microsoft Visual Studio Solution File, Format Version 12.00
# Visual Studio Version 16
VisualStudioVersion = 16.0.31402.337
MinimumVisualStudioVersion = 10.0.40219.1
Project("{FAE04EC0-301F-11D3-BF4B-00C04F79EFBC}") = "UsingThreadState", "UsingThreadState.csproj", "{B3240D6E-862C-4750-8DE1-66651C87C46A}"
EndProject
Global
	GlobalSection(SolutionConfigurationPlatforms) = preSolution
		Debug|Any CPU = Debug|Any CPU
		Release|Any CPU = Release|Any CPU
	EndGlobalSection
	GlobalSection(ProjectConfigurationPlatforms) = postSolution
		{B3240D6E-862C-4750-8DE1-66651C87C46A}.Debug|Any CPU.ActiveCfg = Debug|Any CPU
		{B3240D6E-862C-4750-8DE1-66651C87C46A}.Debug|Any CPU.Build.0 = Debug|Any CPU
		{B3240D6E-862C-4750-8DE1-66651C87C46A}.Release|Any CPU.ActiveCfg = Release|Any CPU
		{B3240D6E-862C-4750-8DE1-66651C87C46A}.Release|Any CPU.Build.0 = Release|Any CPU
	EndGlobalSection
	GlobalSection(SolutionProperties) = preSolution
		HideSolutionNode = FALSE
	EndGlobalSection
	GlobalSection(ExtensibilityGlobals) = postSolution
		SolutionGuid = {2DB8773F-8D2D-44A8-BA7D-6309EA055326}
	EndGlobalSection
EndGlobal
