
Microsoft Visual Studio Solution File, Format Version 12.00
# Visual Studio Version 16
VisualStudioVersion = 16.0.31321.278
MinimumVisualStudioVersion = 10.0.40219.1
Project("{FAE04EC0-301F-11D3-BF4B-00C04F79EFBC}") = "This", "This.csproj", "{43E5DB8A-BF32-4DCC-88F2-8E8DDA4D342E}"
EndProject
Global
	GlobalSection(SolutionConfigurationPlatforms) = preSolution
		Debug|Any CPU = Debug|Any CPU
		Release|Any CPU = Release|Any CPU
	EndGlobalSection
	GlobalSection(ProjectConfigurationPlatforms) = postSolution
		{43E5DB8A-BF32-4DCC-88F2-8E8DDA4D342E}.Debug|Any CPU.ActiveCfg = Debug|Any CPU
		{43E5DB8A-BF32-4DCC-88F2-8E8DDA4D342E}.Debug|Any CPU.Build.0 = Debug|Any CPU
		{43E5DB8A-BF32-4DCC-88F2-8E8DDA4D342E}.Release|Any CPU.ActiveCfg = Release|Any CPU
		{43E5DB8A-BF32-4DCC-88F2-8E8DDA4D342E}.Release|Any CPU.Build.0 = Release|Any CPU
	EndGlobalSection
	GlobalSection(SolutionProperties) = preSolution
		HideSolutionNode = FALSE
	EndGlobalSection
	GlobalSection(ExtensibilityGlobals) = postSolution
		SolutionGuid = {3CAB7111-AF40-4256-B180-4A75DA7EEA6C}
	EndGlobalSection
EndGlobal
