
Microsoft Visual Studio Solution File, Format Version 12.00
# Visual Studio Version 16
VisualStudioVersion = 16.0.31402.337
MinimumVisualStudioVersion = 10.0.40219.1
Project("{FAE04EC0-301F-11D3-BF4B-00C04F79EFBC}") = "ArraySample", "ArraySample.csproj", "{E39CF994-5CF6-4EC1-AA58-D7B806269182}"
EndProject
Global
	GlobalSection(SolutionConfigurationPlatforms) = preSolution
		Debug|Any CPU = Debug|Any CPU
		Release|Any CPU = Release|Any CPU
	EndGlobalSection
	GlobalSection(ProjectConfigurationPlatforms) = postSolution
		{E39CF994-5CF6-4EC1-AA58-D7B806269182}.Debug|Any CPU.ActiveCfg = Debug|Any CPU
		{E39CF994-5CF6-4EC1-AA58-D7B806269182}.Debug|Any CPU.Build.0 = Debug|Any CPU
		{E39CF994-5CF6-4EC1-AA58-D7B806269182}.Release|Any CPU.ActiveCfg = Release|Any CPU
		{E39CF994-5CF6-4EC1-AA58-D7B806269182}.Release|Any CPU.Build.0 = Release|Any CPU
	EndGlobalSection
	GlobalSection(SolutionProperties) = preSolution
		HideSolutionNode = FALSE
	EndGlobalSection
	GlobalSection(ExtensibilityGlobals) = postSolution
		SolutionGuid = {4084C531-3A03-4862-A06B-F48C17D93C5D}
	EndGlobalSection
EndGlobal
