
Microsoft Visual Studio Solution File, Format Version 12.00
# Visual Studio Version 16
VisualStudioVersion = 16.0.31402.337
MinimumVisualStudioVersion = 10.0.40219.1
Project("{FAE04EC0-301F-11D3-BF4B-00C04F79EFBC}") = "PropertiesInInterface", "PropertiesInInterface.csproj", "{5A5EBB18-2A30-4FC1-9461-94A5E0B063E8}"
EndProject
Global
	GlobalSection(SolutionConfigurationPlatforms) = preSolution
		Debug|Any CPU = Debug|Any CPU
		Release|Any CPU = Release|Any CPU
	EndGlobalSection
	GlobalSection(ProjectConfigurationPlatforms) = postSolution
		{5A5EBB18-2A30-4FC1-9461-94A5E0B063E8}.Debug|Any CPU.ActiveCfg = Debug|Any CPU
		{5A5EBB18-2A30-4FC1-9461-94A5E0B063E8}.Debug|Any CPU.Build.0 = Debug|Any CPU
		{5A5EBB18-2A30-4FC1-9461-94A5E0B063E8}.Release|Any CPU.ActiveCfg = Release|Any CPU
		{5A5EBB18-2A30-4FC1-9461-94A5E0B063E8}.Release|Any CPU.Build.0 = Release|Any CPU
	EndGlobalSection
	GlobalSection(SolutionProperties) = preSolution
		HideSolutionNode = FALSE
	EndGlobalSection
	GlobalSection(ExtensibilityGlobals) = postSolution
		SolutionGuid = {2DC8457C-8BAA-45A0-BA25-70CAFCC15EE3}
	EndGlobalSection
EndGlobal
