
Microsoft Visual Studio Solution File, Format Version 12.00
# Visual Studio Version 16
VisualStudioVersion = 16.0.31402.337
MinimumVisualStudioVersion = 10.0.40219.1
Project("{FAE04EC0-301F-11D3-BF4B-00C04F79EFBC}") = "EmitTest", "EmitTest.csproj", "{166A6F07-51C2-41F5-92EF-A65D5424AE42}"
EndProject
Global
	GlobalSection(SolutionConfigurationPlatforms) = preSolution
		Debug|Any CPU = Debug|Any CPU
		Release|Any CPU = Release|Any CPU
	EndGlobalSection
	GlobalSection(ProjectConfigurationPlatforms) = postSolution
		{166A6F07-51C2-41F5-92EF-A65D5424AE42}.Debug|Any CPU.ActiveCfg = Debug|Any CPU
		{166A6F07-51C2-41F5-92EF-A65D5424AE42}.Debug|Any CPU.Build.0 = Debug|Any CPU
		{166A6F07-51C2-41F5-92EF-A65D5424AE42}.Release|Any CPU.ActiveCfg = Release|Any CPU
		{166A6F07-51C2-41F5-92EF-A65D5424AE42}.Release|Any CPU.Build.0 = Release|Any CPU
	EndGlobalSection
	GlobalSection(SolutionProperties) = preSolution
		HideSolutionNode = FALSE
	EndGlobalSection
	GlobalSection(ExtensibilityGlobals) = postSolution
		SolutionGuid = {3452EF55-DC9B-48F6-9406-9A460C33CC01}
	EndGlobalSection
EndGlobal
