
Microsoft Visual Studio Solution File, Format Version 12.00
# Visual Studio Version 16
VisualStudioVersion = 16.0.31402.337
MinimumVisualStudioVersion = 10.0.40219.1
Project("{FAE04EC0-301F-11D3-BF4B-00C04F79EFBC}") = "Touch", "Touch.csproj", "{AAE3271C-9F4A-4D43-914B-7CBBB5263167}"
EndProject
Global
	GlobalSection(SolutionConfigurationPlatforms) = preSolution
		Debug|Any CPU = Debug|Any CPU
		Release|Any CPU = Release|Any CPU
	EndGlobalSection
	GlobalSection(ProjectConfigurationPlatforms) = postSolution
		{AAE3271C-9F4A-4D43-914B-7CBBB5263167}.Debug|Any CPU.ActiveCfg = Debug|Any CPU
		{AAE3271C-9F4A-4D43-914B-7CBBB5263167}.Debug|Any CPU.Build.0 = Debug|Any CPU
		{AAE3271C-9F4A-4D43-914B-7CBBB5263167}.Release|Any CPU.ActiveCfg = Release|Any CPU
		{AAE3271C-9F4A-4D43-914B-7CBBB5263167}.Release|Any CPU.Build.0 = Release|Any CPU
	EndGlobalSection
	GlobalSection(SolutionProperties) = preSolution
		HideSolutionNode = FALSE
	EndGlobalSection
	GlobalSection(ExtensibilityGlobals) = postSolution
		SolutionGuid = {97BF8B97-6370-4E3B-92BC-4B412523A227}
	EndGlobalSection
EndGlobal
