
Microsoft Visual Studio Solution File, Format Version 12.00
# Visual Studio Version 16
VisualStudioVersion = 16.0.31402.337
MinimumVisualStudioVersion = 10.0.40219.1
Project("{FAE04EC0-301F-11D3-BF4B-00C04F79EFBC}") = "UsingApplication", "UsingApplication.csproj", "{72DCF4C3-426C-44F6-A91B-69161351856C}"
EndProject
Global
	GlobalSection(SolutionConfigurationPlatforms) = preSolution
		Debug|Any CPU = Debug|Any CPU
		Release|Any CPU = Release|Any CPU
	EndGlobalSection
	GlobalSection(ProjectConfigurationPlatforms) = postSolution
		{72DCF4C3-426C-44F6-A91B-69161351856C}.Debug|Any CPU.ActiveCfg = Debug|Any CPU
		{72DCF4C3-426C-44F6-A91B-69161351856C}.Debug|Any CPU.Build.0 = Debug|Any CPU
		{72DCF4C3-426C-44F6-A91B-69161351856C}.Release|Any CPU.ActiveCfg = Release|Any CPU
		{72DCF4C3-426C-44F6-A91B-69161351856C}.Release|Any CPU.Build.0 = Release|Any CPU
	EndGlobalSection
	GlobalSection(SolutionProperties) = preSolution
		HideSolutionNode = FALSE
	EndGlobalSection
	GlobalSection(ExtensibilityGlobals) = postSolution
		SolutionGuid = {C6E0E5DA-122A-46EE-B676-EFDA13AB435F}
	EndGlobalSection
EndGlobal
