
Microsoft Visual Studio Solution File, Format Version 12.00
# Visual Studio Version 16
VisualStudioVersion = 16.0.31402.337
MinimumVisualStudioVersion = 10.0.40219.1
Project("{FAE04EC0-301F-11D3-BF4B-00C04F79EFBC}") = "MyException", "MyException.csproj", "{60F2D578-0568-42C9-AD69-8E21D6F28D9C}"
EndProject
Global
	GlobalSection(SolutionConfigurationPlatforms) = preSolution
		Debug|Any CPU = Debug|Any CPU
		Release|Any CPU = Release|Any CPU
	EndGlobalSection
	GlobalSection(ProjectConfigurationPlatforms) = postSolution
		{60F2D578-0568-42C9-AD69-8E21D6F28D9C}.Debug|Any CPU.ActiveCfg = Debug|Any CPU
		{60F2D578-0568-42C9-AD69-8E21D6F28D9C}.Debug|Any CPU.Build.0 = Debug|Any CPU
		{60F2D578-0568-42C9-AD69-8E21D6F28D9C}.Release|Any CPU.ActiveCfg = Release|Any CPU
		{60F2D578-0568-42C9-AD69-8E21D6F28D9C}.Release|Any CPU.Build.0 = Release|Any CPU
	EndGlobalSection
	GlobalSection(SolutionProperties) = preSolution
		HideSolutionNode = FALSE
	EndGlobalSection
	GlobalSection(ExtensibilityGlobals) = postSolution
		SolutionGuid = {268F6315-DD3E-4141-867E-95C2031FAB96}
	EndGlobalSection
EndGlobal
