
Microsoft Visual Studio Solution File, Format Version 12.00
# Visual Studio Version 16
VisualStudioVersion = 16.0.31402.337
MinimumVisualStudioVersion = 10.0.40219.1
Project("{FAE04EC0-301F-11D3-BF4B-00C04F79EFBC}") = "EchoServer", "EchoServer.csproj", "{01D5F3B5-FF89-4CFA-9F53-EB82C7FB9F91}"
EndProject
Global
	GlobalSection(SolutionConfigurationPlatforms) = preSolution
		Debug|Any CPU = Debug|Any CPU
		Release|Any CPU = Release|Any CPU
	EndGlobalSection
	GlobalSection(ProjectConfigurationPlatforms) = postSolution
		{01D5F3B5-FF89-4CFA-9F53-EB82C7FB9F91}.Debug|Any CPU.ActiveCfg = Debug|Any CPU
		{01D5F3B5-FF89-4CFA-9F53-EB82C7FB9F91}.Debug|Any CPU.Build.0 = Debug|Any CPU
		{01D5F3B5-FF89-4CFA-9F53-EB82C7FB9F91}.Release|Any CPU.ActiveCfg = Release|Any CPU
		{01D5F3B5-FF89-4CFA-9F53-EB82C7FB9F91}.Release|Any CPU.Build.0 = Release|Any CPU
	EndGlobalSection
	GlobalSection(SolutionProperties) = preSolution
		HideSolutionNode = FALSE
	EndGlobalSection
	GlobalSection(ExtensibilityGlobals) = postSolution
		SolutionGuid = {DE86BD2B-FCAF-4B8A-806D-A4F816B8ED53}
	EndGlobalSection
EndGlobal
