
Microsoft Visual Studio Solution File, Format Version 12.00
# Visual Studio Version 16
VisualStudioVersion = 16.0.31321.278
MinimumVisualStudioVersion = 10.0.40219.1
Project("{FAE04EC0-301F-11D3-BF4B-00C04F79EFBC}") = "DeepCopy", "DeepCopy.csproj", "{88F6FD64-01C0-4BC4-A51F-55B4D9EFEFD1}"
EndProject
Global
	GlobalSection(SolutionConfigurationPlatforms) = preSolution
		Debug|Any CPU = Debug|Any CPU
		Release|Any CPU = Release|Any CPU
	EndGlobalSection
	GlobalSection(ProjectConfigurationPlatforms) = postSolution
		{88F6FD64-01C0-4BC4-A51F-55B4D9EFEFD1}.Debug|Any CPU.ActiveCfg = Debug|Any CPU
		{88F6FD64-01C0-4BC4-A51F-55B4D9EFEFD1}.Debug|Any CPU.Build.0 = Debug|Any CPU
		{88F6FD64-01C0-4BC4-A51F-55B4D9EFEFD1}.Release|Any CPU.ActiveCfg = Release|Any CPU
		{88F6FD64-01C0-4BC4-A51F-55B4D9EFEFD1}.Release|Any CPU.Build.0 = Release|Any CPU
	EndGlobalSection
	GlobalSection(SolutionProperties) = preSolution
		HideSolutionNode = FALSE
	EndGlobalSection
	GlobalSection(ExtensibilityGlobals) = postSolution
		SolutionGuid = {06504A6A-A874-43AA-870D-334D145DAF8C}
	EndGlobalSection
EndGlobal
