
Microsoft Visual Studio Solution File, Format Version 12.00
# Visual Studio Version 16
VisualStudioVersion = 16.0.31402.337
MinimumVisualStudioVersion = 10.0.40219.1
Project("{FAE04EC0-301F-11D3-BF4B-00C04F79EFBC}") = "FuncTest", "FuncTest.csproj", "{6BCF8023-DDF1-4420-927A-72D73B7BB2F9}"
EndProject
Global
	GlobalSection(SolutionConfigurationPlatforms) = preSolution
		Debug|Any CPU = Debug|Any CPU
		Release|Any CPU = Release|Any CPU
	EndGlobalSection
	GlobalSection(ProjectConfigurationPlatforms) = postSolution
		{6BCF8023-DDF1-4420-927A-72D73B7BB2F9}.Debug|Any CPU.ActiveCfg = Debug|Any CPU
		{6BCF8023-DDF1-4420-927A-72D73B7BB2F9}.Debug|Any CPU.Build.0 = Debug|Any CPU
		{6BCF8023-DDF1-4420-927A-72D73B7BB2F9}.Release|Any CPU.ActiveCfg = Release|Any CPU
		{6BCF8023-DDF1-4420-927A-72D73B7BB2F9}.Release|Any CPU.Build.0 = Release|Any CPU
	EndGlobalSection
	GlobalSection(SolutionProperties) = preSolution
		HideSolutionNode = FALSE
	EndGlobalSection
	GlobalSection(ExtensibilityGlobals) = postSolution
		SolutionGuid = {0E4EEE94-8D03-42C4-AD41-A3F04CC7BD43}
	EndGlobalSection
EndGlobal
