
Microsoft Visual Studio Solution File, Format Version 12.00
# Visual Studio Version 16
VisualStudioVersion = 16.0.31402.337
MinimumVisualStudioVersion = 10.0.40219.1
Project("{FAE04EC0-301F-11D3-BF4B-00C04F79EFBC}") = "Tuple", "Tuple.csproj", "{2952A4F8-D165-42D7-8198-4FDF0D7CC847}"
EndProject
Global
	GlobalSection(SolutionConfigurationPlatforms) = preSolution
		Debug|Any CPU = Debug|Any CPU
		Release|Any CPU = Release|Any CPU
	EndGlobalSection
	GlobalSection(ProjectConfigurationPlatforms) = postSolution
		{2952A4F8-D165-42D7-8198-4FDF0D7CC847}.Debug|Any CPU.ActiveCfg = Debug|Any CPU
		{2952A4F8-D165-42D7-8198-4FDF0D7CC847}.Debug|Any CPU.Build.0 = Debug|Any CPU
		{2952A4F8-D165-42D7-8198-4FDF0D7CC847}.Release|Any CPU.ActiveCfg = Release|Any CPU
		{2952A4F8-D165-42D7-8198-4FDF0D7CC847}.Release|Any CPU.Build.0 = Release|Any CPU
	EndGlobalSection
	GlobalSection(SolutionProperties) = preSolution
		HideSolutionNode = FALSE
	EndGlobalSection
	GlobalSection(ExtensibilityGlobals) = postSolution
		SolutionGuid = {E1F0DE52-8F5C-4C73-9D8B-7FD66A05D3C6}
	EndGlobalSection
EndGlobal
