
Microsoft Visual Studio Solution File, Format Version 12.00
# Visual Studio Version 16
VisualStudioVersion = 16.0.31321.278
MinimumVisualStudioVersion = 10.0.40219.1
Project("{FAE04EC0-301F-11D3-BF4B-00C04F79EFBC}") = "Goto", "Goto.csproj", "{667001BD-5DF4-4D52-AB15-64CEBB6C8DEF}"
EndProject
Global
	GlobalSection(SolutionConfigurationPlatforms) = preSolution
		Debug|Any CPU = Debug|Any CPU
		Release|Any CPU = Release|Any CPU
	EndGlobalSection
	GlobalSection(ProjectConfigurationPlatforms) = postSolution
		{667001BD-5DF4-4D52-AB15-64CEBB6C8DEF}.Debug|Any CPU.ActiveCfg = Debug|Any CPU
		{667001BD-5DF4-4D52-AB15-64CEBB6C8DEF}.Debug|Any CPU.Build.0 = Debug|Any CPU
		{667001BD-5DF4-4D52-AB15-64CEBB6C8DEF}.Release|Any CPU.ActiveCfg = Release|Any CPU
		{667001BD-5DF4-4D52-AB15-64CEBB6C8DEF}.Release|Any CPU.Build.0 = Release|Any CPU
	EndGlobalSection
	GlobalSection(SolutionProperties) = preSolution
		HideSolutionNode = FALSE
	EndGlobalSection
	GlobalSection(ExtensibilityGlobals) = postSolution
		SolutionGuid = {737126E9-C0AE-464C-A353-2095EE15510D}
	EndGlobalSection
EndGlobal
