
Microsoft Visual Studio Solution File, Format Version 12.00
# Visual Studio Version 16
VisualStudioVersion = 16.0.31321.278
MinimumVisualStudioVersion = 10.0.40219.1
Project("{FAE04EC0-301F-11D3-BF4B-00C04F79EFBC}") = "Calculator", "Calculator.csproj", "{D49A3A18-2E49-4391-A946-C6573C591C98}"
EndProject
Global
	GlobalSection(SolutionConfigurationPlatforms) = preSolution
		Debug|Any CPU = Debug|Any CPU
		Release|Any CPU = Release|Any CPU
	EndGlobalSection
	GlobalSection(ProjectConfigurationPlatforms) = postSolution
		{D49A3A18-2E49-4391-A946-C6573C591C98}.Debug|Any CPU.ActiveCfg = Debug|Any CPU
		{D49A3A18-2E49-4391-A946-C6573C591C98}.Debug|Any CPU.Build.0 = Debug|Any CPU
		{D49A3A18-2E49-4391-A946-C6573C591C98}.Release|Any CPU.ActiveCfg = Release|Any CPU
		{D49A3A18-2E49-4391-A946-C6573C591C98}.Release|Any CPU.Build.0 = Release|Any CPU
	EndGlobalSection
	GlobalSection(SolutionProperties) = preSolution
		HideSolutionNode = FALSE
	EndGlobalSection
	GlobalSection(ExtensibilityGlobals) = postSolution
		SolutionGuid = {7757F8ED-DD66-43B9-8261-9426B7961DAE}
	EndGlobalSection
EndGlobal
