
Microsoft Visual Studio Solution File, Format Version 12.00
# Visual Studio Version 16
VisualStudioVersion = 16.0.31402.337
MinimumVisualStudioVersion = 10.0.40219.1
Project("{FAE04EC0-301F-11D3-BF4B-00C04F79EFBC}") = "Enumerable", "Enumerable.csproj", "{7A102E99-7838-4946-802C-ECAA88A5E458}"
EndProject
Global
	GlobalSection(SolutionConfigurationPlatforms) = preSolution
		Debug|Any CPU = Debug|Any CPU
		Release|Any CPU = Release|Any CPU
	EndGlobalSection
	GlobalSection(ProjectConfigurationPlatforms) = postSolution
		{7A102E99-7838-4946-802C-ECAA88A5E458}.Debug|Any CPU.ActiveCfg = Debug|Any CPU
		{7A102E99-7838-4946-802C-ECAA88A5E458}.Debug|Any CPU.Build.0 = Debug|Any CPU
		{7A102E99-7838-4946-802C-ECAA88A5E458}.Release|Any CPU.ActiveCfg = Release|Any CPU
		{7A102E99-7838-4946-802C-ECAA88A5E458}.Release|Any CPU.Build.0 = Release|Any CPU
	EndGlobalSection
	GlobalSection(SolutionProperties) = preSolution
		HideSolutionNode = FALSE
	EndGlobalSection
	GlobalSection(ExtensibilityGlobals) = postSolution
		SolutionGuid = {DA618A38-9513-4CF3-AF2E-3CD0A810266E}
	EndGlobalSection
EndGlobal
