
Microsoft Visual Studio Solution File, Format Version 12.00
# Visual Studio Version 16
VisualStudioVersion = 16.0.31402.337
MinimumVisualStudioVersion = 10.0.40219.1
Project("{FAE04EC0-301F-11D3-BF4B-00C04F79EFBC}") = "WithExp", "WithExp.csproj", "{EE206AE5-29E9-4CA6-AD6F-2CBA7B4060BA}"
EndProject
Global
	GlobalSection(SolutionConfigurationPlatforms) = preSolution
		Debug|Any CPU = Debug|Any CPU
		Release|Any CPU = Release|Any CPU
	EndGlobalSection
	GlobalSection(ProjectConfigurationPlatforms) = postSolution
		{EE206AE5-29E9-4CA6-AD6F-2CBA7B4060BA}.Debug|Any CPU.ActiveCfg = Debug|Any CPU
		{EE206AE5-29E9-4CA6-AD6F-2CBA7B4060BA}.Debug|Any CPU.Build.0 = Debug|Any CPU
		{EE206AE5-29E9-4CA6-AD6F-2CBA7B4060BA}.Release|Any CPU.ActiveCfg = Release|Any CPU
		{EE206AE5-29E9-4CA6-AD6F-2CBA7B4060BA}.Release|Any CPU.Build.0 = Release|Any CPU
	EndGlobalSection
	GlobalSection(SolutionProperties) = preSolution
		HideSolutionNode = FALSE
	EndGlobalSection
	GlobalSection(ExtensibilityGlobals) = postSolution
		SolutionGuid = {5CC6B50A-A0B2-42C3-B104-F396ACF6A164}
	EndGlobalSection
EndGlobal
