
Microsoft Visual Studio Solution File, Format Version 12.00
# Visual Studio Version 16
VisualStudioVersion = 16.0.31402.337
MinimumVisualStudioVersion = 10.0.40219.1
Project("{FAE04EC0-301F-11D3-BF4B-00C04F79EFBC}") = "Synchronize", "Synchronize.csproj", "{170D759D-568B-47FC-8C3B-8A01065EF673}"
EndProject
Global
	GlobalSection(SolutionConfigurationPlatforms) = preSolution
		Debug|Any CPU = Debug|Any CPU
		Release|Any CPU = Release|Any CPU
	EndGlobalSection
	GlobalSection(ProjectConfigurationPlatforms) = postSolution
		{170D759D-568B-47FC-8C3B-8A01065EF673}.Debug|Any CPU.ActiveCfg = Debug|Any CPU
		{170D759D-568B-47FC-8C3B-8A01065EF673}.Debug|Any CPU.Build.0 = Debug|Any CPU
		{170D759D-568B-47FC-8C3B-8A01065EF673}.Release|Any CPU.ActiveCfg = Release|Any CPU
		{170D759D-568B-47FC-8C3B-8A01065EF673}.Release|Any CPU.Build.0 = Release|Any CPU
	EndGlobalSection
	GlobalSection(SolutionProperties) = preSolution
		HideSolutionNode = FALSE
	EndGlobalSection
	GlobalSection(ExtensibilityGlobals) = postSolution
		SolutionGuid = {82AB03E7-466C-4B1A-B689-2B6555A27C92}
	EndGlobalSection
EndGlobal
