
Microsoft Visual Studio Solution File, Format Version 12.00
# Visual Studio Version 16
VisualStudioVersion = 16.0.31402.337
MinimumVisualStudioVersion = 10.0.40219.1
Project("{FAE04EC0-301F-11D3-BF4B-00C04F79EFBC}") = "GroupBy", "GroupBy.csproj", "{E9857A67-0A59-48C3-902B-AABFC8B35FE5}"
EndProject
Global
	GlobalSection(SolutionConfigurationPlatforms) = preSolution
		Debug|Any CPU = Debug|Any CPU
		Release|Any CPU = Release|Any CPU
	EndGlobalSection
	GlobalSection(ProjectConfigurationPlatforms) = postSolution
		{E9857A67-0A59-48C3-902B-AABFC8B35FE5}.Debug|Any CPU.ActiveCfg = Debug|Any CPU
		{E9857A67-0A59-48C3-902B-AABFC8B35FE5}.Debug|Any CPU.Build.0 = Debug|Any CPU
		{E9857A67-0A59-48C3-902B-AABFC8B35FE5}.Release|Any CPU.ActiveCfg = Release|Any CPU
		{E9857A67-0A59-48C3-902B-AABFC8B35FE5}.Release|Any CPU.Build.0 = Release|Any CPU
	EndGlobalSection
	GlobalSection(SolutionProperties) = preSolution
		HideSolutionNode = FALSE
	EndGlobalSection
	GlobalSection(ExtensibilityGlobals) = postSolution
		SolutionGuid = {259E76E9-519A-4B63-A74A-8B0A28F7A6B6}
	EndGlobalSection
EndGlobal
