
Microsoft Visual Studio Solution File, Format Version 12.00
# Visual Studio Version 16
VisualStudioVersion = 16.0.31402.337
MinimumVisualStudioVersion = 10.0.40219.1
Project("{FAE04EC0-301F-11D3-BF4B-00C04F79EFBC}") = "UsingGenericQueue", "UsingGenericQueue.csproj", "{F3C75CE5-5B72-42D5-8DF3-2F9792D6F30C}"
EndProject
Global
	GlobalSection(SolutionConfigurationPlatforms) = preSolution
		Debug|Any CPU = Debug|Any CPU
		Release|Any CPU = Release|Any CPU
	EndGlobalSection
	GlobalSection(ProjectConfigurationPlatforms) = postSolution
		{F3C75CE5-5B72-42D5-8DF3-2F9792D6F30C}.Debug|Any CPU.ActiveCfg = Debug|Any CPU
		{F3C75CE5-5B72-42D5-8DF3-2F9792D6F30C}.Debug|Any CPU.Build.0 = Debug|Any CPU
		{F3C75CE5-5B72-42D5-8DF3-2F9792D6F30C}.Release|Any CPU.ActiveCfg = Release|Any CPU
		{F3C75CE5-5B72-42D5-8DF3-2F9792D6F30C}.Release|Any CPU.Build.0 = Release|Any CPU
	EndGlobalSection
	GlobalSection(SolutionProperties) = preSolution
		HideSolutionNode = FALSE
	EndGlobalSection
	GlobalSection(ExtensibilityGlobals) = postSolution
		SolutionGuid = {B0AA3A67-36F0-43BA-8471-21A10C297843}
	EndGlobalSection
EndGlobal
