
Microsoft Visual Studio Solution File, Format Version 12.00
# Visual Studio Version 16
VisualStudioVersion = 16.0.31402.337
MinimumVisualStudioVersion = 10.0.40219.1
Project("{FAE04EC0-301F-11D3-BF4B-00C04F79EFBC}") = "TryCatch", "TryCatch.csproj", "{32EE5C50-CD47-4CD6-A973-EBBB72F120CB}"
EndProject
Global
	GlobalSection(SolutionConfigurationPlatforms) = preSolution
		Debug|Any CPU = Debug|Any CPU
		Release|Any CPU = Release|Any CPU
	EndGlobalSection
	GlobalSection(ProjectConfigurationPlatforms) = postSolution
		{32EE5C50-CD47-4CD6-A973-EBBB72F120CB}.Debug|Any CPU.ActiveCfg = Debug|Any CPU
		{32EE5C50-CD47-4CD6-A973-EBBB72F120CB}.Debug|Any CPU.Build.0 = Debug|Any CPU
		{32EE5C50-CD47-4CD6-A973-EBBB72F120CB}.Release|Any CPU.ActiveCfg = Release|Any CPU
		{32EE5C50-CD47-4CD6-A973-EBBB72F120CB}.Release|Any CPU.Build.0 = Release|Any CPU
	EndGlobalSection
	GlobalSection(SolutionProperties) = preSolution
		HideSolutionNode = FALSE
	EndGlobalSection
	GlobalSection(ExtensibilityGlobals) = postSolution
		SolutionGuid = {360660A7-8541-4B96-B482-A814F9EAED8F}
	EndGlobalSection
EndGlobal
