
Microsoft Visual Studio Solution File, Format Version 12.00
# Visual Studio Version 16
VisualStudioVersion = 16.0.31402.337
MinimumVisualStudioVersion = 10.0.40219.1
Project("{FAE04EC0-301F-11D3-BF4B-00C04F79EFBC}") = "simpleLambda", "simpleLambda.csproj", "{1FCC26BD-6B14-495C-BF42-4B56C2536DC2}"
EndProject
Global
	GlobalSection(SolutionConfigurationPlatforms) = preSolution
		Debug|Any CPU = Debug|Any CPU
		Release|Any CPU = Release|Any CPU
	EndGlobalSection
	GlobalSection(ProjectConfigurationPlatforms) = postSolution
		{1FCC26BD-6B14-495C-BF42-4B56C2536DC2}.Debug|Any CPU.ActiveCfg = Debug|Any CPU
		{1FCC26BD-6B14-495C-BF42-4B56C2536DC2}.Debug|Any CPU.Build.0 = Debug|Any CPU
		{1FCC26BD-6B14-495C-BF42-4B56C2536DC2}.Release|Any CPU.ActiveCfg = Release|Any CPU
		{1FCC26BD-6B14-495C-BF42-4B56C2536DC2}.Release|Any CPU.Build.0 = Release|Any CPU
	EndGlobalSection
	GlobalSection(SolutionProperties) = preSolution
		HideSolutionNode = FALSE
	EndGlobalSection
	GlobalSection(ExtensibilityGlobals) = postSolution
		SolutionGuid = {17A6FBBF-6D97-4768-8019-7F3B85A80338}
	EndGlobalSection
EndGlobal
