
Microsoft Visual Studio Solution File, Format Version 12.00
# Visual Studio Version 16
VisualStudioVersion = 16.0.31402.337
MinimumVisualStudioVersion = 10.0.40219.1
Project("{FAE04EC0-301F-11D3-BF4B-00C04F79EFBC}") = "KillingProgram", "KillingProgram.csproj", "{A39F04F6-4B29-4D23-BC7B-560C7BADB3AD}"
EndProject
Global
	GlobalSection(SolutionConfigurationPlatforms) = preSolution
		Debug|Any CPU = Debug|Any CPU
		Release|Any CPU = Release|Any CPU
	EndGlobalSection
	GlobalSection(ProjectConfigurationPlatforms) = postSolution
		{A39F04F6-4B29-4D23-BC7B-560C7BADB3AD}.Debug|Any CPU.ActiveCfg = Debug|Any CPU
		{A39F04F6-4B29-4D23-BC7B-560C7BADB3AD}.Debug|Any CPU.Build.0 = Debug|Any CPU
		{A39F04F6-4B29-4D23-BC7B-560C7BADB3AD}.Release|Any CPU.ActiveCfg = Release|Any CPU
		{A39F04F6-4B29-4D23-BC7B-560C7BADB3AD}.Release|Any CPU.Build.0 = Release|Any CPU
	EndGlobalSection
	GlobalSection(SolutionProperties) = preSolution
		HideSolutionNode = FALSE
	EndGlobalSection
	GlobalSection(ExtensibilityGlobals) = postSolution
		SolutionGuid = {08D356DF-5B1A-4875-AF94-45C809517623}
	EndGlobalSection
EndGlobal
