
Microsoft Visual Studio Solution File, Format Version 12.00
# Visual Studio Version 16
VisualStudioVersion = 16.0.31402.337
MinimumVisualStudioVersion = 10.0.40219.1
Project("{FAE04EC0-301F-11D3-BF4B-00C04F79EFBC}") = "UsingControls", "UsingControls.csproj", "{5B458089-F01A-400E-A666-C7109C109FAA}"
EndProject
Global
	GlobalSection(SolutionConfigurationPlatforms) = preSolution
		Debug|Any CPU = Debug|Any CPU
		Release|Any CPU = Release|Any CPU
	EndGlobalSection
	GlobalSection(ProjectConfigurationPlatforms) = postSolution
		{5B458089-F01A-400E-A666-C7109C109FAA}.Debug|Any CPU.ActiveCfg = Debug|Any CPU
		{5B458089-F01A-400E-A666-C7109C109FAA}.Debug|Any CPU.Build.0 = Debug|Any CPU
		{5B458089-F01A-400E-A666-C7109C109FAA}.Release|Any CPU.ActiveCfg = Release|Any CPU
		{5B458089-F01A-400E-A666-C7109C109FAA}.Release|Any CPU.Build.0 = Release|Any CPU
	EndGlobalSection
	GlobalSection(SolutionProperties) = preSolution
		HideSolutionNode = FALSE
	EndGlobalSection
	GlobalSection(ExtensibilityGlobals) = postSolution
		SolutionGuid = {2E33720B-BECC-4BE5-BB1E-936971B308E7}
	EndGlobalSection
EndGlobal
