
Microsoft Visual Studio Solution File, Format Version 12.00
# Visual Studio Version 16
VisualStudioVersion = 16.0.31402.337
MinimumVisualStudioVersion = 10.0.40219.1
Project("{FAE04EC0-301F-11D3-BF4B-00C04F79EFBC}") = "MultiInterfaceheritance", "MultiInterfaceheritance.csproj", "{214CA0EE-2BA1-4FF3-A3A5-2CDF80146007}"
EndProject
Global
	GlobalSection(SolutionConfigurationPlatforms) = preSolution
		Debug|Any CPU = Debug|Any CPU
		Release|Any CPU = Release|Any CPU
	EndGlobalSection
	GlobalSection(ProjectConfigurationPlatforms) = postSolution
		{214CA0EE-2BA1-4FF3-A3A5-2CDF80146007}.Debug|Any CPU.ActiveCfg = Debug|Any CPU
		{214CA0EE-2BA1-4FF3-A3A5-2CDF80146007}.Debug|Any CPU.Build.0 = Debug|Any CPU
		{214CA0EE-2BA1-4FF3-A3A5-2CDF80146007}.Release|Any CPU.ActiveCfg = Release|Any CPU
		{214CA0EE-2BA1-4FF3-A3A5-2CDF80146007}.Release|Any CPU.Build.0 = Release|Any CPU
	EndGlobalSection
	GlobalSection(SolutionProperties) = preSolution
		HideSolutionNode = FALSE
	EndGlobalSection
	GlobalSection(ExtensibilityGlobals) = postSolution
		SolutionGuid = {2B0C2821-087D-44F8-9C54-839F21F4DBA7}
	EndGlobalSection
EndGlobal
