
Microsoft Visual Studio Solution File, Format Version 12.00
# Visual Studio Version 16
VisualStudioVersion = 16.0.31402.337
MinimumVisualStudioVersion = 10.0.40219.1
Project("{FAE04EC0-301F-11D3-BF4B-00C04F79EFBC}") = "WaitPulse", "WaitPulse.csproj", "{9133F885-AE7D-4F4A-8C92-7F323129471E}"
EndProject
Global
	GlobalSection(SolutionConfigurationPlatforms) = preSolution
		Debug|Any CPU = Debug|Any CPU
		Release|Any CPU = Release|Any CPU
	EndGlobalSection
	GlobalSection(ProjectConfigurationPlatforms) = postSolution
		{9133F885-AE7D-4F4A-8C92-7F323129471E}.Debug|Any CPU.ActiveCfg = Debug|Any CPU
		{9133F885-AE7D-4F4A-8C92-7F323129471E}.Debug|Any CPU.Build.0 = Debug|Any CPU
		{9133F885-AE7D-4F4A-8C92-7F323129471E}.Release|Any CPU.ActiveCfg = Release|Any CPU
		{9133F885-AE7D-4F4A-8C92-7F323129471E}.Release|Any CPU.Build.0 = Release|Any CPU
	EndGlobalSection
	GlobalSection(SolutionProperties) = preSolution
		HideSolutionNode = FALSE
	EndGlobalSection
	GlobalSection(ExtensibilityGlobals) = postSolution
		SolutionGuid = {4DDD00EB-F00C-4C59-9050-5D75E272CA2A}
	EndGlobalSection
EndGlobal
