
Microsoft Visual Studio Solution File, Format Version 12.00
# Visual Studio Version 16
VisualStudioVersion = 16.0.31321.278
MinimumVisualStudioVersion = 10.0.40219.1
Project("{FAE04EC0-301F-11D3-BF4B-00C04F79EFBC}") = "TypeCasting", "TypeCasting.csproj", "{3B16F415-D2D0-4A13-A661-B1092E14D47F}"
EndProject
Global
	GlobalSection(SolutionConfigurationPlatforms) = preSolution
		Debug|Any CPU = Debug|Any CPU
		Release|Any CPU = Release|Any CPU
	EndGlobalSection
	GlobalSection(ProjectConfigurationPlatforms) = postSolution
		{3B16F415-D2D0-4A13-A661-B1092E14D47F}.Debug|Any CPU.ActiveCfg = Debug|Any CPU
		{3B16F415-D2D0-4A13-A661-B1092E14D47F}.Debug|Any CPU.Build.0 = Debug|Any CPU
		{3B16F415-D2D0-4A13-A661-B1092E14D47F}.Release|Any CPU.ActiveCfg = Release|Any CPU
		{3B16F415-D2D0-4A13-A661-B1092E14D47F}.Release|Any CPU.Build.0 = Release|Any CPU
	EndGlobalSection
	GlobalSection(SolutionProperties) = preSolution
		HideSolutionNode = FALSE
	EndGlobalSection
	GlobalSection(ExtensibilityGlobals) = postSolution
		SolutionGuid = {2BEF897D-5016-4A69-ABF2-5865F2ABB962}
	EndGlobalSection
EndGlobal
