
Microsoft Visual Studio Solution File, Format Version 12.00
# Visual Studio Version 16
VisualStudioVersion = 16.0.31321.278
MinimumVisualStudioVersion = 10.0.40219.1
Project("{9A19103F-16F7-4668-BE54-9A1E7A4F7556}") = "LogicalOperator", "LogicalOperator.csproj", "{4272F3BA-2989-4BE5-88A4-8BAF0F8F43E5}"
EndProject
Global
	GlobalSection(SolutionConfigurationPlatforms) = preSolution
		Debug|Any CPU = Debug|Any CPU
		Release|Any CPU = Release|Any CPU
	EndGlobalSection
	GlobalSection(ProjectConfigurationPlatforms) = postSolution
		{4272F3BA-2989-4BE5-88A4-8BAF0F8F43E5}.Debug|Any CPU.ActiveCfg = Debug|Any CPU
		{4272F3BA-2989-4BE5-88A4-8BAF0F8F43E5}.Debug|Any CPU.Build.0 = Debug|Any CPU
		{4272F3BA-2989-4BE5-88A4-8BAF0F8F43E5}.Release|Any CPU.ActiveCfg = Release|Any CPU
		{4272F3BA-2989-4BE5-88A4-8BAF0F8F43E5}.Release|Any CPU.Build.0 = Release|Any CPU
	EndGlobalSection
	GlobalSection(SolutionProperties) = preSolution
		HideSolutionNode = FALSE
	EndGlobalSection
	GlobalSection(ExtensibilityGlobals) = postSolution
		SolutionGuid = {D72AE9E4-9D17-4518-B23C-06A4E673B82A}
	EndGlobalSection
EndGlobal
