
Microsoft Visual Studio Solution File, Format Version 12.00
# Visual Studio Version 16
VisualStudioVersion = 16.0.31402.337
MinimumVisualStudioVersion = 10.0.40219.1
Project("{FAE04EC0-301F-11D3-BF4B-00C04F79EFBC}") = "SerializingCollection", "SerializingCollection.csproj", "{D0D41E81-97AA-4C78-899A-83068534C855}"
EndProject
Global
	GlobalSection(SolutionConfigurationPlatforms) = preSolution
		Debug|Any CPU = Debug|Any CPU
		Release|Any CPU = Release|Any CPU
	EndGlobalSection
	GlobalSection(ProjectConfigurationPlatforms) = postSolution
		{D0D41E81-97AA-4C78-899A-83068534C855}.Debug|Any CPU.ActiveCfg = Debug|Any CPU
		{D0D41E81-97AA-4C78-899A-83068534C855}.Debug|Any CPU.Build.0 = Debug|Any CPU
		{D0D41E81-97AA-4C78-899A-83068534C855}.Release|Any CPU.ActiveCfg = Release|Any CPU
		{D0D41E81-97AA-4C78-899A-83068534C855}.Release|Any CPU.Build.0 = Release|Any CPU
	EndGlobalSection
	GlobalSection(SolutionProperties) = preSolution
		HideSolutionNode = FALSE
	EndGlobalSection
	GlobalSection(ExtensibilityGlobals) = postSolution
		SolutionGuid = {F4B4A23B-6B44-4D07-836B-6361913C8834}
	EndGlobalSection
EndGlobal
