
Microsoft Visual Studio Solution File, Format Version 12.00
# Visual Studio Version 16
VisualStudioVersion = 16.0.31321.278
MinimumVisualStudioVersion = 10.0.40219.1
Project("{FAE04EC0-301F-11D3-BF4B-00C04F79EFBC}") = "For", "For.csproj", "{6769DCB4-872A-4427-802D-A74544DC906C}"
EndProject
Global
	GlobalSection(SolutionConfigurationPlatforms) = preSolution
		Debug|Any CPU = Debug|Any CPU
		Release|Any CPU = Release|Any CPU
	EndGlobalSection
	GlobalSection(ProjectConfigurationPlatforms) = postSolution
		{6769DCB4-872A-4427-802D-A74544DC906C}.Debug|Any CPU.ActiveCfg = Debug|Any CPU
		{6769DCB4-872A-4427-802D-A74544DC906C}.Debug|Any CPU.Build.0 = Debug|Any CPU
		{6769DCB4-872A-4427-802D-A74544DC906C}.Release|Any CPU.ActiveCfg = Release|Any CPU
		{6769DCB4-872A-4427-802D-A74544DC906C}.Release|Any CPU.Build.0 = Release|Any CPU
	EndGlobalSection
	GlobalSection(SolutionProperties) = preSolution
		HideSolutionNode = FALSE
	EndGlobalSection
	GlobalSection(ExtensibilityGlobals) = postSolution
		SolutionGuid = {B8EBEC7E-E5DD-4F27-B5AF-9E1D969C9273}
	EndGlobalSection
EndGlobal
