
Microsoft Visual Studio Solution File, Format Version 12.00
# Visual Studio Version 16
VisualStudioVersion = 16.0.31402.337
MinimumVisualStudioVersion = 10.0.40219.1
Project("{FAE04EC0-301F-11D3-BF4B-00C04F79EFBC}") = "ReadonlyStruct", "ReadonlyStruct.csproj", "{396B284B-97DF-4D63-99BC-DB41A1A702E2}"
EndProject
Global
	GlobalSection(SolutionConfigurationPlatforms) = preSolution
		Debug|Any CPU = Debug|Any CPU
		Release|Any CPU = Release|Any CPU
	EndGlobalSection
	GlobalSection(ProjectConfigurationPlatforms) = postSolution
		{396B284B-97DF-4D63-99BC-DB41A1A702E2}.Debug|Any CPU.ActiveCfg = Debug|Any CPU
		{396B284B-97DF-4D63-99BC-DB41A1A702E2}.Debug|Any CPU.Build.0 = Debug|Any CPU
		{396B284B-97DF-4D63-99BC-DB41A1A702E2}.Release|Any CPU.ActiveCfg = Release|Any CPU
		{396B284B-97DF-4D63-99BC-DB41A1A702E2}.Release|Any CPU.Build.0 = Release|Any CPU
	EndGlobalSection
	GlobalSection(SolutionProperties) = preSolution
		HideSolutionNode = FALSE
	EndGlobalSection
	GlobalSection(ExtensibilityGlobals) = postSolution
		SolutionGuid = {AE282C43-C9DA-454C-A600-4F35F7F2493A}
	EndGlobalSection
EndGlobal
