
Microsoft Visual Studio Solution File, Format Version 12.00
# Visual Studio Version 16
VisualStudioVersion = 16.0.31402.337
MinimumVisualStudioVersion = 10.0.40219.1
Project("{FAE04EC0-301F-11D3-BF4B-00C04F79EFBC}") = "InitOnly", "InitOnly.csproj", "{80707984-A799-4ED7-8187-C4AC2D52453C}"
EndProject
Global
	GlobalSection(SolutionConfigurationPlatforms) = preSolution
		Debug|Any CPU = Debug|Any CPU
		Release|Any CPU = Release|Any CPU
	EndGlobalSection
	GlobalSection(ProjectConfigurationPlatforms) = postSolution
		{80707984-A799-4ED7-8187-C4AC2D52453C}.Debug|Any CPU.ActiveCfg = Debug|Any CPU
		{80707984-A799-4ED7-8187-C4AC2D52453C}.Debug|Any CPU.Build.0 = Debug|Any CPU
		{80707984-A799-4ED7-8187-C4AC2D52453C}.Release|Any CPU.ActiveCfg = Release|Any CPU
		{80707984-A799-4ED7-8187-C4AC2D52453C}.Release|Any CPU.Build.0 = Release|Any CPU
	EndGlobalSection
	GlobalSection(SolutionProperties) = preSolution
		HideSolutionNode = FALSE
	EndGlobalSection
	GlobalSection(ExtensibilityGlobals) = postSolution
		SolutionGuid = {BAA25AE8-0F8C-4221-AEBF-91E31BAD6BE8}
	EndGlobalSection
EndGlobal
