
Microsoft Visual Studio Solution File, Format Version 12.00
# Visual Studio Version 16
VisualStudioVersion = 16.0.31321.278
MinimumVisualStudioVersion = 10.0.40219.1
Project("{FAE04EC0-301F-11D3-BF4B-00C04F79EFBC}") = "LocalFunction", "LocalFunction.csproj", "{4AF0C6A3-981C-4C33-A206-9DD1A1F3502F}"
EndProject
Global
	GlobalSection(SolutionConfigurationPlatforms) = preSolution
		Debug|Any CPU = Debug|Any CPU
		Release|Any CPU = Release|Any CPU
	EndGlobalSection
	GlobalSection(ProjectConfigurationPlatforms) = postSolution
		{4AF0C6A3-981C-4C33-A206-9DD1A1F3502F}.Debug|Any CPU.ActiveCfg = Debug|Any CPU
		{4AF0C6A3-981C-4C33-A206-9DD1A1F3502F}.Debug|Any CPU.Build.0 = Debug|Any CPU
		{4AF0C6A3-981C-4C33-A206-9DD1A1F3502F}.Release|Any CPU.ActiveCfg = Release|Any CPU
		{4AF0C6A3-981C-4C33-A206-9DD1A1F3502F}.Release|Any CPU.Build.0 = Release|Any CPU
	EndGlobalSection
	GlobalSection(SolutionProperties) = preSolution
		HideSolutionNode = FALSE
	EndGlobalSection
	GlobalSection(ExtensibilityGlobals) = postSolution
		SolutionGuid = {69121093-8CFA-4F69-9832-296A62092CCC}
	EndGlobalSection
EndGlobal
