
Microsoft Visual Studio Solution File, Format Version 12.00
# Visual Studio Version 16
VisualStudioVersion = 16.0.31321.278
MinimumVisualStudioVersion = 10.0.40219.1
Project("{FAE04EC0-301F-11D3-BF4B-00C04F79EFBC}") = "SwapByValue", "SwapByValue.csproj", "{B4AC7894-1F61-452A-A607-C955973EBE77}"
EndProject
Global
	GlobalSection(SolutionConfigurationPlatforms) = preSolution
		Debug|Any CPU = Debug|Any CPU
		Release|Any CPU = Release|Any CPU
	EndGlobalSection
	GlobalSection(ProjectConfigurationPlatforms) = postSolution
		{B4AC7894-1F61-452A-A607-C955973EBE77}.Debug|Any CPU.ActiveCfg = Debug|Any CPU
		{B4AC7894-1F61-452A-A607-C955973EBE77}.Debug|Any CPU.Build.0 = Debug|Any CPU
		{B4AC7894-1F61-452A-A607-C955973EBE77}.Release|Any CPU.ActiveCfg = Release|Any CPU
		{B4AC7894-1F61-452A-A607-C955973EBE77}.Release|Any CPU.Build.0 = Release|Any CPU
	EndGlobalSection
	GlobalSection(SolutionProperties) = preSolution
		HideSolutionNode = FALSE
	EndGlobalSection
	GlobalSection(ExtensibilityGlobals) = postSolution
		SolutionGuid = {202D91C0-B562-478B-AAE1-F418402FB147}
	EndGlobalSection
EndGlobal
