
Microsoft Visual Studio Solution File, Format Version 12.00
# Visual Studio Version 16
VisualStudioVersion = 16.0.31402.337
MinimumVisualStudioVersion = 10.0.40219.1
Project("{FAE04EC0-301F-11D3-BF4B-00C04F79EFBC}") = "StackTrace", "StackTrace.csproj", "{46CB94F8-6CF0-4D19-A72C-D0E820334602}"
EndProject
Global
	GlobalSection(SolutionConfigurationPlatforms) = preSolution
		Debug|Any CPU = Debug|Any CPU
		Release|Any CPU = Release|Any CPU
	EndGlobalSection
	GlobalSection(ProjectConfigurationPlatforms) = postSolution
		{46CB94F8-6CF0-4D19-A72C-D0E820334602}.Debug|Any CPU.ActiveCfg = Debug|Any CPU
		{46CB94F8-6CF0-4D19-A72C-D0E820334602}.Debug|Any CPU.Build.0 = Debug|Any CPU
		{46CB94F8-6CF0-4D19-A72C-D0E820334602}.Release|Any CPU.ActiveCfg = Release|Any CPU
		{46CB94F8-6CF0-4D19-A72C-D0E820334602}.Release|Any CPU.Build.0 = Release|Any CPU
	EndGlobalSection
	GlobalSection(SolutionProperties) = preSolution
		HideSolutionNode = FALSE
	EndGlobalSection
	GlobalSection(ExtensibilityGlobals) = postSolution
		SolutionGuid = {BFD1980E-9DD2-4948-91A3-768ED25044D1}
	EndGlobalSection
EndGlobal
