
Microsoft Visual Studio Solution File, Format Version 12.00
# Visual Studio Version 16
VisualStudioVersion = 16.0.31321.278
MinimumVisualStudioVersion = 10.0.40219.1
Project("{FAE04EC0-301F-11D3-BF4B-00C04F79EFBC}") = "chapter3", "chapter3.csproj", "{5B7328CD-7184-4810-8E0B-CF20EB5264FB}"
EndProject
Global
	GlobalSection(SolutionConfigurationPlatforms) = preSolution
		Debug|Any CPU = Debug|Any CPU
		Release|Any CPU = Release|Any CPU
	EndGlobalSection
	GlobalSection(ProjectConfigurationPlatforms) = postSolution
		{5B7328CD-7184-4810-8E0B-CF20EB5264FB}.Debug|Any CPU.ActiveCfg = Debug|Any CPU
		{5B7328CD-7184-4810-8E0B-CF20EB5264FB}.Debug|Any CPU.Build.0 = Debug|Any CPU
		{5B7328CD-7184-4810-8E0B-CF20EB5264FB}.Release|Any CPU.ActiveCfg = Release|Any CPU
		{5B7328CD-7184-4810-8E0B-CF20EB5264FB}.Release|Any CPU.Build.0 = Release|Any CPU
	EndGlobalSection
	GlobalSection(SolutionProperties) = preSolution
		HideSolutionNode = FALSE
	EndGlobalSection
	GlobalSection(ExtensibilityGlobals) = postSolution
		SolutionGuid = {FD957EEF-EDEB-463E-8D76-64D08359862F}
	EndGlobalSection
EndGlobal
