
Microsoft Visual Studio Solution File, Format Version 12.00
# Visual Studio Version 16
VisualStudioVersion = 16.0.31402.337
MinimumVisualStudioVersion = 10.0.40219.1
Project("{FAE04EC0-301F-11D3-BF4B-00C04F79EFBC}") = "UsingDictionary", "UsingDictionary.csproj", "{5D237616-65CD-411B-88C8-CCDDBB67BAAF}"
EndProject
Global
	GlobalSection(SolutionConfigurationPlatforms) = preSolution
		Debug|Any CPU = Debug|Any CPU
		Release|Any CPU = Release|Any CPU
	EndGlobalSection
	GlobalSection(ProjectConfigurationPlatforms) = postSolution
		{5D237616-65CD-411B-88C8-CCDDBB67BAAF}.Debug|Any CPU.ActiveCfg = Debug|Any CPU
		{5D237616-65CD-411B-88C8-CCDDBB67BAAF}.Debug|Any CPU.Build.0 = Debug|Any CPU
		{5D237616-65CD-411B-88C8-CCDDBB67BAAF}.Release|Any CPU.ActiveCfg = Release|Any CPU
		{5D237616-65CD-411B-88C8-CCDDBB67BAAF}.Release|Any CPU.Build.0 = Release|Any CPU
	EndGlobalSection
	GlobalSection(SolutionProperties) = preSolution
		HideSolutionNode = FALSE
	EndGlobalSection
	GlobalSection(ExtensibilityGlobals) = postSolution
		SolutionGuid = {A3BEECD0-7BBB-4157-9052-E1F77DC8677C}
	EndGlobalSection
EndGlobal
