
Microsoft Visual Studio Solution File, Format Version 12.00
# Visual Studio Version 16
VisualStudioVersion = 16.0.31402.337
MinimumVisualStudioVersion = 10.0.40219.1
Project("{FAE04EC0-301F-11D3-BF4B-00C04F79EFBC}") = "TaskResult", "TaskResult.csproj", "{A5B842F7-899C-4C95-85F2-A839ABEA75DB}"
EndProject
Global
	GlobalSection(SolutionConfigurationPlatforms) = preSolution
		Debug|Any CPU = Debug|Any CPU
		Release|Any CPU = Release|Any CPU
	EndGlobalSection
	GlobalSection(ProjectConfigurationPlatforms) = postSolution
		{A5B842F7-899C-4C95-85F2-A839ABEA75DB}.Debug|Any CPU.ActiveCfg = Debug|Any CPU
		{A5B842F7-899C-4C95-85F2-A839ABEA75DB}.Debug|Any CPU.Build.0 = Debug|Any CPU
		{A5B842F7-899C-4C95-85F2-A839ABEA75DB}.Release|Any CPU.ActiveCfg = Release|Any CPU
		{A5B842F7-899C-4C95-85F2-A839ABEA75DB}.Release|Any CPU.Build.0 = Release|Any CPU
	EndGlobalSection
	GlobalSection(SolutionProperties) = preSolution
		HideSolutionNode = FALSE
	EndGlobalSection
	GlobalSection(ExtensibilityGlobals) = postSolution
		SolutionGuid = {F3E2CA2F-3998-4458-B714-C722413F87DD}
	EndGlobalSection
EndGlobal
